// !$*UTF8*$!
{
	archiveVersion = 1;
	classes = {
	};
	objectVersion = 46;
	objects = {

/* Begin PBXBuildFile section */
		1811DFDB1BD254510028C442 /* read.png in Resources */ = {isa = PBXBuildFile; fileRef = 1811DFD91BD254510028C442 /* read.png */; };
		1811DFDC1BD254510028C442 /* good.png in Resources */ = {isa = PBXBuildFile; fileRef = 1811DFDA1BD254510028C442 /* good.png */; };
		184CA0341BD91355004B8323 /* FirstSectionCell.m in Sources */ = {isa = PBXBuildFile; fileRef = 184CA0331BD91355004B8323 /* FirstSectionCell.m */; };
		184CA0371BD91375004B8323 /* SecondSectionCell.m in Sources */ = {isa = PBXBuildFile; fileRef = 184CA0361BD91375004B8323 /* SecondSectionCell.m */; };
		18A0FF291BD633C500910C5C /* Ressources.bundle in Resources */ = {isa = PBXBuildFile; fileRef = 18A0FF221BD633C500910C5C /* Ressources.bundle */; };
		18A0FF2A1BD633C500910C5C /* SSACircleView.m in Sources */ = {isa = PBXBuildFile; fileRef = 18A0FF241BD633C500910C5C /* SSACircleView.m */; };
		18A0FF2B1BD633C500910C5C /* SSAPullToRefreshAnimator.m in Sources */ = {isa = PBXBuildFile; fileRef = 18A0FF261BD633C500910C5C /* SSAPullToRefreshAnimator.m */; };
		18A0FF2C1BD633C500910C5C /* SSARefreshControl.m in Sources */ = {isa = PBXBuildFile; fileRef = 18A0FF281BD633C500910C5C /* SSARefreshControl.m */; };
		18B4441C1BD786EB0056E137 /* FaceDetailsViewController.m in Sources */ = {isa = PBXBuildFile; fileRef = 18B4441B1BD786EB0056E137 /* FaceDetailsViewController.m */; };
		18D220CA1BCBD051007EF9E6 /* main.m in Sources */ = {isa = PBXBuildFile; fileRef = 18D220C91BCBD051007EF9E6 /* main.m */; };
		18D220CD1BCBD051007EF9E6 /* AppDelegate.m in Sources */ = {isa = PBXBuildFile; fileRef = 18D220CC1BCBD051007EF9E6 /* AppDelegate.m */; };
		18D220D01BCBD051007EF9E6 /* ViewController.m in Sources */ = {isa = PBXBuildFile; fileRef = 18D220CF1BCBD051007EF9E6 /* ViewController.m */; };
		18D220D51BCBD051007EF9E6 /* Assets.xcassets in Resources */ = {isa = PBXBuildFile; fileRef = 18D220D41BCBD051007EF9E6 /* Assets.xcassets */; };
		18D220D81BCBD051007EF9E6 /* LaunchScreen.storyboard in Resources */ = {isa = PBXBuildFile; fileRef = 18D220D61BCBD051007EF9E6 /* LaunchScreen.storyboard */; };
		18D220E51BCBD739007EF9E6 /* FaceExperienceViewController.m in Sources */ = {isa = PBXBuildFile; fileRef = 18D220E41BCBD739007EF9E6 /* FaceExperienceViewController.m */; };
		18D220E91BCBD7C6007EF9E6 /* FaceTableViewCell.m in Sources */ = {isa = PBXBuildFile; fileRef = 18D220E81BCBD7C6007EF9E6 /* FaceTableViewCell.m */; };
		18DF04681BD7B6AC00A902FB /* MMDrawerBarButtonItem.m in Sources */ = {isa = PBXBuildFile; fileRef = 18DF04601BD7B6AC00A902FB /* MMDrawerBarButtonItem.m */; };
		18DF04691BD7B6AC00A902FB /* MMDrawerController.m in Sources */ = {isa = PBXBuildFile; fileRef = 18DF04631BD7B6AC00A902FB /* MMDrawerController.m */; };
		18DF046A1BD7B6AC00A902FB /* MMDrawerVisualState.m in Sources */ = {isa = PBXBuildFile; fileRef = 18DF04651BD7B6AC00A902FB /* MMDrawerVisualState.m */; };
		18DF046B1BD7B6AC00A902FB /* UIViewController+MMDrawerController.m in Sources */ = {isa = PBXBuildFile; fileRef = 18DF04671BD7B6AC00A902FB /* UIViewController+MMDrawerController.m */; };
		18DF04931BD7B6B700A902FB /* AFNetworkActivityIndicatorManager.m in Sources */ = {isa = PBXBuildFile; fileRef = 18DF046E1BD7B6B700A902FB /* AFNetworkActivityIndicatorManager.m */; };
		18DF04941BD7B6B700A902FB /* UIActivityIndicatorView+AFNetworking.m in Sources */ = {isa = PBXBuildFile; fileRef = 18DF04701BD7B6B700A902FB /* UIActivityIndicatorView+AFNetworking.m */; };
		18DF04951BD7B6B700A902FB /* UIAlertView+AFNetworking.m in Sources */ = {isa = PBXBuildFile; fileRef = 18DF04721BD7B6B700A902FB /* UIAlertView+AFNetworking.m */; };
		18DF04961BD7B6B700A902FB /* UIButton+AFNetworking.m in Sources */ = {isa = PBXBuildFile; fileRef = 18DF04741BD7B6B700A902FB /* UIButton+AFNetworking.m */; };
		18DF04971BD7B6B700A902FB /* UIImageView+AFNetworking.m in Sources */ = {isa = PBXBuildFile; fileRef = 18DF04771BD7B6B700A902FB /* UIImageView+AFNetworking.m */; };
		18DF04981BD7B6B700A902FB /* UIProgressView+AFNetworking.m in Sources */ = {isa = PBXBuildFile; fileRef = 18DF047A1BD7B6B700A902FB /* UIProgressView+AFNetworking.m */; };
		18DF04991BD7B6B700A902FB /* UIRefreshControl+AFNetworking.m in Sources */ = {isa = PBXBuildFile; fileRef = 18DF047C1BD7B6B700A902FB /* UIRefreshControl+AFNetworking.m */; };
		18DF049A1BD7B6B700A902FB /* UIWebView+AFNetworking.m in Sources */ = {isa = PBXBuildFile; fileRef = 18DF047E1BD7B6B700A902FB /* UIWebView+AFNetworking.m */; };
		18DF049B1BD7B6B700A902FB /* AFHTTPRequestOperation.m in Sources */ = {isa = PBXBuildFile; fileRef = 18DF04811BD7B6B700A902FB /* AFHTTPRequestOperation.m */; };
		18DF049C1BD7B6B700A902FB /* AFHTTPRequestOperationManager.m in Sources */ = {isa = PBXBuildFile; fileRef = 18DF04831BD7B6B700A902FB /* AFHTTPRequestOperationManager.m */; };
		18DF049D1BD7B6B700A902FB /* AFHTTPSessionManager.m in Sources */ = {isa = PBXBuildFile; fileRef = 18DF04851BD7B6B700A902FB /* AFHTTPSessionManager.m */; };
		18DF049E1BD7B6B700A902FB /* AFNetworkReachabilityManager.m in Sources */ = {isa = PBXBuildFile; fileRef = 18DF04881BD7B6B700A902FB /* AFNetworkReachabilityManager.m */; };
		18DF049F1BD7B6B700A902FB /* AFSecurityPolicy.m in Sources */ = {isa = PBXBuildFile; fileRef = 18DF048A1BD7B6B700A902FB /* AFSecurityPolicy.m */; };
		18DF04A01BD7B6B700A902FB /* AFURLConnectionOperation.m in Sources */ = {isa = PBXBuildFile; fileRef = 18DF048C1BD7B6B700A902FB /* AFURLConnectionOperation.m */; };
		18DF04A11BD7B6B700A902FB /* AFURLRequestSerialization.m in Sources */ = {isa = PBXBuildFile; fileRef = 18DF048E1BD7B6B700A902FB /* AFURLRequestSerialization.m */; };
		18DF04A21BD7B6B700A902FB /* AFURLResponseSerialization.m in Sources */ = {isa = PBXBuildFile; fileRef = 18DF04901BD7B6B700A902FB /* AFURLResponseSerialization.m */; };
		18DF04A31BD7B6B700A902FB /* AFURLSessionManager.m in Sources */ = {isa = PBXBuildFile; fileRef = 18DF04921BD7B6B700A902FB /* AFURLSessionManager.m */; };
/* End PBXBuildFile section */

/* Begin PBXFileReference section */
		1811DFD91BD254510028C442 /* read.png */ = {isa = PBXFileReference; lastKnownFileType = image.png; path = read.png; sourceTree = "<group>"; };
		1811DFDA1BD254510028C442 /* good.png */ = {isa = PBXFileReference; lastKnownFileType = image.png; path = good.png; sourceTree = "<group>"; };
		184CA0321BD91355004B8323 /* FirstSectionCell.h */ = {isa = PBXFileReference; fileEncoding = 4; lastKnownFileType = sourcecode.c.h; path = FirstSectionCell.h; sourceTree = "<group>"; };
		184CA0331BD91355004B8323 /* FirstSectionCell.m */ = {isa = PBXFileReference; fileEncoding = 4; lastKnownFileType = sourcecode.c.objc; path = FirstSectionCell.m; sourceTree = "<group>"; };
		184CA0351BD91375004B8323 /* SecondSectionCell.h */ = {isa = PBXFileReference; fileEncoding = 4; lastKnownFileType = sourcecode.c.h; path = SecondSectionCell.h; sourceTree = "<group>"; };
		184CA0361BD91375004B8323 /* SecondSectionCell.m */ = {isa = PBXFileReference; fileEncoding = 4; lastKnownFileType = sourcecode.c.objc; path = SecondSectionCell.m; sourceTree = "<group>"; };
		18A0FF221BD633C500910C5C /* Ressources.bundle */ = {isa = PBXFileReference; lastKnownFileType = "wrapper.plug-in"; path = Ressources.bundle; sourceTree = "<group>"; };
		18A0FF231BD633C500910C5C /* SSACircleView.h */ = {isa = PBXFileReference; fileEncoding = 4; lastKnownFileType = sourcecode.c.h; path = SSACircleView.h; sourceTree = "<group>"; };
		18A0FF241BD633C500910C5C /* SSACircleView.m */ = {isa = PBXFileReference; fileEncoding = 4; lastKnownFileType = sourcecode.c.objc; path = SSACircleView.m; sourceTree = "<group>"; };
		18A0FF251BD633C500910C5C /* SSAPullToRefreshAnimator.h */ = {isa = PBXFileReference; fileEncoding = 4; lastKnownFileType = sourcecode.c.h; path = SSAPullToRefreshAnimator.h; sourceTree = "<group>"; };
		18A0FF261BD633C500910C5C /* SSAPullToRefreshAnimator.m */ = {isa = PBXFileReference; fileEncoding = 4; lastKnownFileType = sourcecode.c.objc; path = SSAPullToRefreshAnimator.m; sourceTree = "<group>"; };
		18A0FF271BD633C500910C5C /* SSARefreshControl.h */ = {isa = PBXFileReference; fileEncoding = 4; lastKnownFileType = sourcecode.c.h; path = SSARefreshControl.h; sourceTree = "<group>"; };
		18A0FF281BD633C500910C5C /* SSARefreshControl.m */ = {isa = PBXFileReference; fileEncoding = 4; lastKnownFileType = sourcecode.c.objc; path = SSARefreshControl.m; sourceTree = "<group>"; };
		18B4441A1BD786EB0056E137 /* FaceDetailsViewController.h */ = {isa = PBXFileReference; fileEncoding = 4; lastKnownFileType = sourcecode.c.h; name = FaceDetailsViewController.h; path = VIewControllers/FaceDetailsViewController.h; sourceTree = "<group>"; };
		18B4441B1BD786EB0056E137 /* FaceDetailsViewController.m */ = {isa = PBXFileReference; fileEncoding = 4; lastKnownFileType = sourcecode.c.objc; name = FaceDetailsViewController.m; path = VIewControllers/FaceDetailsViewController.m; sourceTree = "<group>"; };
		18D220C51BCBD051007EF9E6 /* haitou.app */ = {isa = PBXFileReference; explicitFileType = wrapper.application; includeInIndex = 0; path = haitou.app; sourceTree = BUILT_PRODUCTS_DIR; };
		18D220C91BCBD051007EF9E6 /* main.m */ = {isa = PBXFileReference; lastKnownFileType = sourcecode.c.objc; path = main.m; sourceTree = "<group>"; };
		18D220CB1BCBD051007EF9E6 /* AppDelegate.h */ = {isa = PBXFileReference; lastKnownFileType = sourcecode.c.h; path = AppDelegate.h; sourceTree = "<group>"; };
		18D220CC1BCBD051007EF9E6 /* AppDelegate.m */ = {isa = PBXFileReference; lastKnownFileType = sourcecode.c.objc; path = AppDelegate.m; sourceTree = "<group>"; };
		18D220CE1BCBD051007EF9E6 /* ViewController.h */ = {isa = PBXFileReference; lastKnownFileType = sourcecode.c.h; path = ViewController.h; sourceTree = "<group>"; };
		18D220CF1BCBD051007EF9E6 /* ViewController.m */ = {isa = PBXFileReference; lastKnownFileType = sourcecode.c.objc; path = ViewController.m; sourceTree = "<group>"; };
		18D220D41BCBD051007EF9E6 /* Assets.xcassets */ = {isa = PBXFileReference; lastKnownFileType = folder.assetcatalog; path = Assets.xcassets; sourceTree = "<group>"; };
		18D220D71BCBD051007EF9E6 /* Base */ = {isa = PBXFileReference; lastKnownFileType = file.storyboard; name = Base; path = Base.lproj/LaunchScreen.storyboard; sourceTree = "<group>"; };
		18D220D91BCBD051007EF9E6 /* Info.plist */ = {isa = PBXFileReference; lastKnownFileType = text.plist.xml; path = Info.plist; sourceTree = "<group>"; };
		18D220E31BCBD739007EF9E6 /* FaceExperienceViewController.h */ = {isa = PBXFileReference; fileEncoding = 4; lastKnownFileType = sourcecode.c.h; name = FaceExperienceViewController.h; path = VIewControllers/FaceExperienceViewController.h; sourceTree = "<group>"; };
		18D220E41BCBD739007EF9E6 /* FaceExperienceViewController.m */ = {isa = PBXFileReference; fileEncoding = 4; lastKnownFileType = sourcecode.c.objc; name = FaceExperienceViewController.m; path = VIewControllers/FaceExperienceViewController.m; sourceTree = "<group>"; };
		18D220E71BCBD7C6007EF9E6 /* FaceTableViewCell.h */ = {isa = PBXFileReference; fileEncoding = 4; lastKnownFileType = sourcecode.c.h; path = FaceTableViewCell.h; sourceTree = "<group>"; };
		18D220E81BCBD7C6007EF9E6 /* FaceTableViewCell.m */ = {isa = PBXFileReference; fileEncoding = 4; lastKnownFileType = sourcecode.c.objc; path = FaceTableViewCell.m; sourceTree = "<group>"; };
		18DF045F1BD7B6AC00A902FB /* MMDrawerBarButtonItem.h */ = {isa = PBXFileReference; fileEncoding = 4; lastKnownFileType = sourcecode.c.h; path = MMDrawerBarButtonItem.h; sourceTree = "<group>"; };
		18DF04601BD7B6AC00A902FB /* MMDrawerBarButtonItem.m */ = {isa = PBXFileReference; fileEncoding = 4; lastKnownFileType = sourcecode.c.objc; path = MMDrawerBarButtonItem.m; sourceTree = "<group>"; };
		18DF04611BD7B6AC00A902FB /* MMDrawerController+Subclass.h */ = {isa = PBXFileReference; fileEncoding = 4; lastKnownFileType = sourcecode.c.h; path = "MMDrawerController+Subclass.h"; sourceTree = "<group>"; };
		18DF04621BD7B6AC00A902FB /* MMDrawerController.h */ = {isa = PBXFileReference; fileEncoding = 4; lastKnownFileType = sourcecode.c.h; path = MMDrawerController.h; sourceTree = "<group>"; };
		18DF04631BD7B6AC00A902FB /* MMDrawerController.m */ = {isa = PBXFileReference; fileEncoding = 4; lastKnownFileType = sourcecode.c.objc; path = MMDrawerController.m; sourceTree = "<group>"; };
		18DF04641BD7B6AC00A902FB /* MMDrawerVisualState.h */ = {isa = PBXFileReference; fileEncoding = 4; lastKnownFileType = sourcecode.c.h; path = MMDrawerVisualState.h; sourceTree = "<group>"; };
		18DF04651BD7B6AC00A902FB /* MMDrawerVisualState.m */ = {isa = PBXFileReference; fileEncoding = 4; lastKnownFileType = sourcecode.c.objc; path = MMDrawerVisualState.m; sourceTree = "<group>"; };
		18DF04661BD7B6AC00A902FB /* UIViewController+MMDrawerController.h */ = {isa = PBXFileReference; fileEncoding = 4; lastKnownFileType = sourcecode.c.h; path = "UIViewController+MMDrawerController.h"; sourceTree = "<group>"; };
		18DF04671BD7B6AC00A902FB /* UIViewController+MMDrawerController.m */ = {isa = PBXFileReference; fileEncoding = 4; lastKnownFileType = sourcecode.c.objc; path = "UIViewController+MMDrawerController.m"; sourceTree = "<group>"; };
		18DF046D1BD7B6B700A902FB /* AFNetworkActivityIndicatorManager.h */ = {isa = PBXFileReference; fileEncoding = 4; lastKnownFileType = sourcecode.c.h; path = AFNetworkActivityIndicatorManager.h; sourceTree = "<group>"; };
		18DF046E1BD7B6B700A902FB /* AFNetworkActivityIndicatorManager.m */ = {isa = PBXFileReference; fileEncoding = 4; lastKnownFileType = sourcecode.c.objc; path = AFNetworkActivityIndicatorManager.m; sourceTree = "<group>"; };
		18DF046F1BD7B6B700A902FB /* UIActivityIndicatorView+AFNetworking.h */ = {isa = PBXFileReference; fileEncoding = 4; lastKnownFileType = sourcecode.c.h; path = "UIActivityIndicatorView+AFNetworking.h"; sourceTree = "<group>"; };
		18DF04701BD7B6B700A902FB /* UIActivityIndicatorView+AFNetworking.m */ = {isa = PBXFileReference; fileEncoding = 4; lastKnownFileType = sourcecode.c.objc; path = "UIActivityIndicatorView+AFNetworking.m"; sourceTree = "<group>"; };
		18DF04711BD7B6B700A902FB /* UIAlertView+AFNetworking.h */ = {isa = PBXFileReference; fileEncoding = 4; lastKnownFileType = sourcecode.c.h; path = "UIAlertView+AFNetworking.h"; sourceTree = "<group>"; };
		18DF04721BD7B6B700A902FB /* UIAlertView+AFNetworking.m */ = {isa = PBXFileReference; fileEncoding = 4; lastKnownFileType = sourcecode.c.objc; path = "UIAlertView+AFNetworking.m"; sourceTree = "<group>"; };
		18DF04731BD7B6B700A902FB /* UIButton+AFNetworking.h */ = {isa = PBXFileReference; fileEncoding = 4; lastKnownFileType = sourcecode.c.h; path = "UIButton+AFNetworking.h"; sourceTree = "<group>"; };
		18DF04741BD7B6B700A902FB /* UIButton+AFNetworking.m */ = {isa = PBXFileReference; fileEncoding = 4; lastKnownFileType = sourcecode.c.objc; path = "UIButton+AFNetworking.m"; sourceTree = "<group>"; };
		18DF04751BD7B6B700A902FB /* UIImage+AFNetworking.h */ = {isa = PBXFileReference; fileEncoding = 4; lastKnownFileType = sourcecode.c.h; path = "UIImage+AFNetworking.h"; sourceTree = "<group>"; };
		18DF04761BD7B6B700A902FB /* UIImageView+AFNetworking.h */ = {isa = PBXFileReference; fileEncoding = 4; lastKnownFileType = sourcecode.c.h; path = "UIImageView+AFNetworking.h"; sourceTree = "<group>"; };
		18DF04771BD7B6B700A902FB /* UIImageView+AFNetworking.m */ = {isa = PBXFileReference; fileEncoding = 4; lastKnownFileType = sourcecode.c.objc; path = "UIImageView+AFNetworking.m"; sourceTree = "<group>"; };
		18DF04781BD7B6B700A902FB /* UIKit+AFNetworking.h */ = {isa = PBXFileReference; fileEncoding = 4; lastKnownFileType = sourcecode.c.h; path = "UIKit+AFNetworking.h"; sourceTree = "<group>"; };
		18DF04791BD7B6B700A902FB /* UIProgressView+AFNetworking.h */ = {isa = PBXFileReference; fileEncoding = 4; lastKnownFileType = sourcecode.c.h; path = "UIProgressView+AFNetworking.h"; sourceTree = "<group>"; };
		18DF047A1BD7B6B700A902FB /* UIProgressView+AFNetworking.m */ = {isa = PBXFileReference; fileEncoding = 4; lastKnownFileType = sourcecode.c.objc; path = "UIProgressView+AFNetworking.m"; sourceTree = "<group>"; };
		18DF047B1BD7B6B700A902FB /* UIRefreshControl+AFNetworking.h */ = {isa = PBXFileReference; fileEncoding = 4; lastKnownFileType = sourcecode.c.h; path = "UIRefreshControl+AFNetworking.h"; sourceTree = "<group>"; };
		18DF047C1BD7B6B700A902FB /* UIRefreshControl+AFNetworking.m */ = {isa = PBXFileReference; fileEncoding = 4; lastKnownFileType = sourcecode.c.objc; path = "UIRefreshControl+AFNetworking.m"; sourceTree = "<group>"; };
		18DF047D1BD7B6B700A902FB /* UIWebView+AFNetworking.h */ = {isa = PBXFileReference; fileEncoding = 4; lastKnownFileType = sourcecode.c.h; path = "UIWebView+AFNetworking.h"; sourceTree = "<group>"; };
		18DF047E1BD7B6B700A902FB /* UIWebView+AFNetworking.m */ = {isa = PBXFileReference; fileEncoding = 4; lastKnownFileType = sourcecode.c.objc; path = "UIWebView+AFNetworking.m"; sourceTree = "<group>"; };
		18DF04801BD7B6B700A902FB /* AFHTTPRequestOperation.h */ = {isa = PBXFileReference; fileEncoding = 4; lastKnownFileType = sourcecode.c.h; path = AFHTTPRequestOperation.h; sourceTree = "<group>"; };
		18DF04811BD7B6B700A902FB /* AFHTTPRequestOperation.m */ = {isa = PBXFileReference; fileEncoding = 4; lastKnownFileType = sourcecode.c.objc; path = AFHTTPRequestOperation.m; sourceTree = "<group>"; };
		18DF04821BD7B6B700A902FB /* AFHTTPRequestOperationManager.h */ = {isa = PBXFileReference; fileEncoding = 4; lastKnownFileType = sourcecode.c.h; path = AFHTTPRequestOperationManager.h; sourceTree = "<group>"; };
		18DF04831BD7B6B700A902FB /* AFHTTPRequestOperationManager.m */ = {isa = PBXFileReference; fileEncoding = 4; lastKnownFileType = sourcecode.c.objc; path = AFHTTPRequestOperationManager.m; sourceTree = "<group>"; };
		18DF04841BD7B6B700A902FB /* AFHTTPSessionManager.h */ = {isa = PBXFileReference; fileEncoding = 4; lastKnownFileType = sourcecode.c.h; path = AFHTTPSessionManager.h; sourceTree = "<group>"; };
		18DF04851BD7B6B700A902FB /* AFHTTPSessionManager.m */ = {isa = PBXFileReference; fileEncoding = 4; lastKnownFileType = sourcecode.c.objc; path = AFHTTPSessionManager.m; sourceTree = "<group>"; };
		18DF04861BD7B6B700A902FB /* AFNetworking.h */ = {isa = PBXFileReference; fileEncoding = 4; lastKnownFileType = sourcecode.c.h; path = AFNetworking.h; sourceTree = "<group>"; };
		18DF04871BD7B6B700A902FB /* AFNetworkReachabilityManager.h */ = {isa = PBXFileReference; fileEncoding = 4; lastKnownFileType = sourcecode.c.h; path = AFNetworkReachabilityManager.h; sourceTree = "<group>"; };
		18DF04881BD7B6B700A902FB /* AFNetworkReachabilityManager.m */ = {isa = PBXFileReference; fileEncoding = 4; lastKnownFileType = sourcecode.c.objc; path = AFNetworkReachabilityManager.m; sourceTree = "<group>"; };
		18DF04891BD7B6B700A902FB /* AFSecurityPolicy.h */ = {isa = PBXFileReference; fileEncoding = 4; lastKnownFileType = sourcecode.c.h; path = AFSecurityPolicy.h; sourceTree = "<group>"; };
		18DF048A1BD7B6B700A902FB /* AFSecurityPolicy.m */ = {isa = PBXFileReference; fileEncoding = 4; lastKnownFileType = sourcecode.c.objc; path = AFSecurityPolicy.m; sourceTree = "<group>"; };
		18DF048B1BD7B6B700A902FB /* AFURLConnectionOperation.h */ = {isa = PBXFileReference; fileEncoding = 4; lastKnownFileType = sourcecode.c.h; path = AFURLConnectionOperation.h; sourceTree = "<group>"; };
		18DF048C1BD7B6B700A902FB /* AFURLConnectionOperation.m */ = {isa = PBXFileReference; fileEncoding = 4; lastKnownFileType = sourcecode.c.objc; path = AFURLConnectionOperation.m; sourceTree = "<group>"; };
		18DF048D1BD7B6B700A902FB /* AFURLRequestSerialization.h */ = {isa = PBXFileReference; fileEncoding = 4; lastKnownFileType = sourcecode.c.h; path = AFURLRequestSerialization.h; sourceTree = "<group>"; };
		18DF048E1BD7B6B700A902FB /* AFURLRequestSerialization.m */ = {isa = PBXFileReference; fileEncoding = 4; lastKnownFileType = sourcecode.c.objc; path = AFURLRequestSerialization.m; sourceTree = "<group>"; };
		18DF048F1BD7B6B700A902FB /* AFURLResponseSerialization.h */ = {isa = PBXFileReference; fileEncoding = 4; lastKnownFileType = sourcecode.c.h; path = AFURLResponseSerialization.h; sourceTree = "<group>"; };
		18DF04901BD7B6B700A902FB /* AFURLResponseSerialization.m */ = {isa = PBXFileReference; fileEncoding = 4; lastKnownFileType = sourcecode.c.objc; path = AFURLResponseSerialization.m; sourceTree = "<group>"; };
		18DF04911BD7B6B700A902FB /* AFURLSessionManager.h */ = {isa = PBXFileReference; fileEncoding = 4; lastKnownFileType = sourcecode.c.h; path = AFURLSessionManager.h; sourceTree = "<group>"; };
		18DF04921BD7B6B700A902FB /* AFURLSessionManager.m */ = {isa = PBXFileReference; fileEncoding = 4; lastKnownFileType = sourcecode.c.objc; path = AFURLSessionManager.m; sourceTree = "<group>"; };
/* End PBXFileReference section */

/* Begin PBXFrameworksBuildPhase section */
		18D220C21BCBD051007EF9E6 /* Frameworks */ = {
			isa = PBXFrameworksBuildPhase;
			buildActionMask = 2147483647;
			files = (
			);
			runOnlyForDeploymentPostprocessing = 0;
		};
/* End PBXFrameworksBuildPhase section */

/* Begin PBXGroup section */
		1811DF9E1BD125B80028C442 /* Library */ = {
			isa = PBXGroup;
			children = (
				18DF046C1BD7B6B700A902FB /* UIKit+AFNetworking */,
				18DF047F1BD7B6B700A902FB /* AFNetworking */,
				18DF045E1BD7B6AC00A902FB /* MMDrawerController */,
				18A0FF211BD633C500910C5C /* SSAPullToRefresh */,
			);
			path = Library;
			sourceTree = "<group>";
		};
		1811DFD81BD254450028C442 /* icons */ = {
			isa = PBXGroup;
			children = (
				1811DFD91BD254510028C442 /* read.png */,
				1811DFDA1BD254510028C442 /* good.png */,
			);
			path = icons;
			sourceTree = "<group>";
		};
		18A0FF211BD633C500910C5C /* SSAPullToRefresh */ = {
			isa = PBXGroup;
			children = (
				18A0FF221BD633C500910C5C /* Ressources.bundle */,
				18A0FF231BD633C500910C5C /* SSACircleView.h */,
				18A0FF241BD633C500910C5C /* SSACircleView.m */,
				18A0FF251BD633C500910C5C /* SSAPullToRefreshAnimator.h */,
				18A0FF261BD633C500910C5C /* SSAPullToRefreshAnimator.m */,
				18A0FF271BD633C500910C5C /* SSARefreshControl.h */,
				18A0FF281BD633C500910C5C /* SSARefreshControl.m */,
			);
			path = SSAPullToRefresh;
			sourceTree = "<group>";
		};
		18D220BC1BCBD051007EF9E6 = {
			isa = PBXGroup;
			children = (
				1811DFD81BD254450028C442 /* icons */,
				1811DF9E1BD125B80028C442 /* Library */,
				18D220E61BCBD753007EF9E6 /* Views */,
				18D220DF1BCBD076007EF9E6 /* ViewControllers */,
				18D220C71BCBD051007EF9E6 /* haitou */,
				18D220C61BCBD051007EF9E6 /* Products */,
			);
			sourceTree = "<group>";
		};
		18D220C61BCBD051007EF9E6 /* Products */ = {
			isa = PBXGroup;
			children = (
				18D220C51BCBD051007EF9E6 /* haitou.app */,
			);
			name = Products;
			sourceTree = "<group>";
		};
		18D220C71BCBD051007EF9E6 /* haitou */ = {
			isa = PBXGroup;
			children = (
				18D220CB1BCBD051007EF9E6 /* AppDelegate.h */,
				18D220CC1BCBD051007EF9E6 /* AppDelegate.m */,
				18D220CE1BCBD051007EF9E6 /* ViewController.h */,
				18D220CF1BCBD051007EF9E6 /* ViewController.m */,
				18D220D41BCBD051007EF9E6 /* Assets.xcassets */,
				18D220D61BCBD051007EF9E6 /* LaunchScreen.storyboard */,
				18D220D91BCBD051007EF9E6 /* Info.plist */,
				18D220C81BCBD051007EF9E6 /* Supporting Files */,
			);
			path = haitou;
			sourceTree = "<group>";
		};
		18D220C81BCBD051007EF9E6 /* Supporting Files */ = {
			isa = PBXGroup;
			children = (
				18D220C91BCBD051007EF9E6 /* main.m */,
			);
			name = "Supporting Files";
			sourceTree = "<group>";
		};
		18D220DF1BCBD076007EF9E6 /* ViewControllers */ = {
			isa = PBXGroup;
			children = (
				18B4441A1BD786EB0056E137 /* FaceDetailsViewController.h */,
				18B4441B1BD786EB0056E137 /* FaceDetailsViewController.m */,
				18D220E31BCBD739007EF9E6 /* FaceExperienceViewController.h */,
				18D220E41BCBD739007EF9E6 /* FaceExperienceViewController.m */,
			);
			name = ViewControllers;
			sourceTree = "<group>";
		};
		18D220E61BCBD753007EF9E6 /* Views */ = {
			isa = PBXGroup;
			children = (
				18D220E71BCBD7C6007EF9E6 /* FaceTableViewCell.h */,
				18D220E81BCBD7C6007EF9E6 /* FaceTableViewCell.m */,
				184CA0321BD91355004B8323 /* FirstSectionCell.h */,
				184CA0331BD91355004B8323 /* FirstSectionCell.m */,
				184CA0351BD91375004B8323 /* SecondSectionCell.h */,
				184CA0361BD91375004B8323 /* SecondSectionCell.m */,
			);
			path = Views;
			sourceTree = "<group>";
		};
		18DF045E1BD7B6AC00A902FB /* MMDrawerController */ = {
			isa = PBXGroup;
			children = (
				18DF045F1BD7B6AC00A902FB /* MMDrawerBarButtonItem.h */,
				18DF04601BD7B6AC00A902FB /* MMDrawerBarButtonItem.m */,
				18DF04611BD7B6AC00A902FB /* MMDrawerController+Subclass.h */,
				18DF04621BD7B6AC00A902FB /* MMDrawerController.h */,
				18DF04631BD7B6AC00A902FB /* MMDrawerController.m */,
				18DF04641BD7B6AC00A902FB /* MMDrawerVisualState.h */,
				18DF04651BD7B6AC00A902FB /* MMDrawerVisualState.m */,
				18DF04661BD7B6AC00A902FB /* UIViewController+MMDrawerController.h */,
				18DF04671BD7B6AC00A902FB /* UIViewController+MMDrawerController.m */,
			);
			path = MMDrawerController;
			sourceTree = "<group>";
		};
		18DF046C1BD7B6B700A902FB /* UIKit+AFNetworking */ = {
			isa = PBXGroup;
			children = (
				18DF046D1BD7B6B700A902FB /* AFNetworkActivityIndicatorManager.h */,
				18DF046E1BD7B6B700A902FB /* AFNetworkActivityIndicatorManager.m */,
				18DF046F1BD7B6B700A902FB /* UIActivityIndicatorView+AFNetworking.h */,
				18DF04701BD7B6B700A902FB /* UIActivityIndicatorView+AFNetworking.m */,
				18DF04711BD7B6B700A902FB /* UIAlertView+AFNetworking.h */,
				18DF04721BD7B6B700A902FB /* UIAlertView+AFNetworking.m */,
				18DF04731BD7B6B700A902FB /* UIButton+AFNetworking.h */,
				18DF04741BD7B6B700A902FB /* UIButton+AFNetworking.m */,
				18DF04751BD7B6B700A902FB /* UIImage+AFNetworking.h */,
				18DF04761BD7B6B700A902FB /* UIImageView+AFNetworking.h */,
				18DF04771BD7B6B700A902FB /* UIImageView+AFNetworking.m */,
				18DF04781BD7B6B700A902FB /* UIKit+AFNetworking.h */,
				18DF04791BD7B6B700A902FB /* UIProgressView+AFNetworking.h */,
				18DF047A1BD7B6B700A902FB /* UIProgressView+AFNetworking.m */,
				18DF047B1BD7B6B700A902FB /* UIRefreshControl+AFNetworking.h */,
				18DF047C1BD7B6B700A902FB /* UIRefreshControl+AFNetworking.m */,
				18DF047D1BD7B6B700A902FB /* UIWebView+AFNetworking.h */,
				18DF047E1BD7B6B700A902FB /* UIWebView+AFNetworking.m */,
			);
			path = "UIKit+AFNetworking";
			sourceTree = "<group>";
		};
		18DF047F1BD7B6B700A902FB /* AFNetworking */ = {
			isa = PBXGroup;
			children = (
				18DF04801BD7B6B700A902FB /* AFHTTPRequestOperation.h */,
				18DF04811BD7B6B700A902FB /* AFHTTPRequestOperation.m */,
				18DF04821BD7B6B700A902FB /* AFHTTPRequestOperationManager.h */,
				18DF04831BD7B6B700A902FB /* AFHTTPRequestOperationManager.m */,
				18DF04841BD7B6B700A902FB /* AFHTTPSessionManager.h */,
				18DF04851BD7B6B700A902FB /* AFHTTPSessionManager.m */,
				18DF04861BD7B6B700A902FB /* AFNetworking.h */,
				18DF04871BD7B6B700A902FB /* AFNetworkReachabilityManager.h */,
				18DF04881BD7B6B700A902FB /* AFNetworkReachabilityManager.m */,
				18DF04891BD7B6B700A902FB /* AFSecurityPolicy.h */,
				18DF048A1BD7B6B700A902FB /* AFSecurityPolicy.m */,
				18DF048B1BD7B6B700A902FB /* AFURLConnectionOperation.h */,
				18DF048C1BD7B6B700A902FB /* AFURLConnectionOperation.m */,
				18DF048D1BD7B6B700A902FB /* AFURLRequestSerialization.h */,
				18DF048E1BD7B6B700A902FB /* AFURLRequestSerialization.m */,
				18DF048F1BD7B6B700A902FB /* AFURLResponseSerialization.h */,
				18DF04901BD7B6B700A902FB /* AFURLResponseSerialization.m */,
				18DF04911BD7B6B700A902FB /* AFURLSessionManager.h */,
				18DF04921BD7B6B700A902FB /* AFURLSessionManager.m */,
			);
			path = AFNetworking;
			sourceTree = "<group>";
		};
/* End PBXGroup section */

/* Begin PBXNativeTarget section */
		18D220C41BCBD051007EF9E6 /* haitou */ = {
			isa = PBXNativeTarget;
			buildConfigurationList = 18D220DC1BCBD051007EF9E6 /* Build configuration list for PBXNativeTarget "haitou" */;
			buildPhases = (
				18D220C11BCBD051007EF9E6 /* Sources */,
				18D220C21BCBD051007EF9E6 /* Frameworks */,
				18D220C31BCBD051007EF9E6 /* Resources */,
			);
			buildRules = (
			);
			dependencies = (
			);
			name = haitou;
			productName = haitou;
			productReference = 18D220C51BCBD051007EF9E6 /* haitou.app */;
			productType = "com.apple.product-type.application";
		};
/* End PBXNativeTarget section */

/* Begin PBXProject section */
		18D220BD1BCBD051007EF9E6 /* Project object */ = {
			isa = PBXProject;
			attributes = {
				LastUpgradeCheck = 0710;
				ORGANIZATIONNAME = divein;
				TargetAttributes = {
					18D220C41BCBD051007EF9E6 = {
						CreatedOnToolsVersion = 7.1;
					};
				};
			};
			buildConfigurationList = 18D220C01BCBD051007EF9E6 /* Build configuration list for PBXProject "haitou" */;
			compatibilityVersion = "Xcode 3.2";
			developmentRegion = English;
			hasScannedForEncodings = 0;
			knownRegions = (
				en,
				Base,
			);
			mainGroup = 18D220BC1BCBD051007EF9E6;
			productRefGroup = 18D220C61BCBD051007EF9E6 /* Products */;
			projectDirPath = "";
			projectRoot = "";
			targets = (
				18D220C41BCBD051007EF9E6 /* haitou */,
			);
		};
/* End PBXProject section */

/* Begin PBXResourcesBuildPhase section */
		18D220C31BCBD051007EF9E6 /* Resources */ = {
			isa = PBXResourcesBuildPhase;
			buildActionMask = 2147483647;
			files = (
				1811DFDC1BD254510028C442 /* good.png in Resources */,
				18A0FF291BD633C500910C5C /* Ressources.bundle in Resources */,
				18D220D81BCBD051007EF9E6 /* LaunchScreen.storyboard in Resources */,
				18D220D51BCBD051007EF9E6 /* Assets.xcassets in Resources */,
				1811DFDB1BD254510028C442 /* read.png in Resources */,
			);
			runOnlyForDeploymentPostprocessing = 0;
		};
/* End PBXResourcesBuildPhase section */

/* Begin PBXSourcesBuildPhase section */
		18D220C11BCBD051007EF9E6 /* Sources */ = {
			isa = PBXSourcesBuildPhase;
			buildActionMask = 2147483647;
			files = (
				18DF04981BD7B6B700A902FB /* UIProgressView+AFNetworking.m in Sources */,
				18DF04961BD7B6B700A902FB /* UIButton+AFNetworking.m in Sources */,
				18DF04991BD7B6B700A902FB /* UIRefreshControl+AFNetworking.m in Sources */,
				18DF04951BD7B6B700A902FB /* UIAlertView+AFNetworking.m in Sources */,
				18DF04A01BD7B6B700A902FB /* AFURLConnectionOperation.m in Sources */,
				18DF046A1BD7B6AC00A902FB /* MMDrawerVisualState.m in Sources */,
				18B4441C1BD786EB0056E137 /* FaceDetailsViewController.m in Sources */,
				18A0FF2B1BD633C500910C5C /* SSAPullToRefreshAnimator.m in Sources */,
				18A0FF2A1BD633C500910C5C /* SSACircleView.m in Sources */,
				18DF04691BD7B6AC00A902FB /* MMDrawerController.m in Sources */,
				18DF04971BD7B6B700A902FB /* UIImageView+AFNetworking.m in Sources */,
				18DF049B1BD7B6B700A902FB /* AFHTTPRequestOperation.m in Sources */,
				18D220D01BCBD051007EF9E6 /* ViewController.m in Sources */,
				18DF049E1BD7B6B700A902FB /* AFNetworkReachabilityManager.m in Sources */,
				18DF04941BD7B6B700A902FB /* UIActivityIndicatorView+AFNetworking.m in Sources */,
				18DF04A31BD7B6B700A902FB /* AFURLSessionManager.m in Sources */,
				18A0FF2C1BD633C500910C5C /* SSARefreshControl.m in Sources */,
				18DF049C1BD7B6B700A902FB /* AFHTTPRequestOperationManager.m in Sources */,
				184CA0341BD91355004B8323 /* FirstSectionCell.m in Sources */,
				18DF049D1BD7B6B700A902FB /* AFHTTPSessionManager.m in Sources */,
				18D220E91BCBD7C6007EF9E6 /* FaceTableViewCell.m in Sources */,
				18DF04A21BD7B6B700A902FB /* AFURLResponseSerialization.m in Sources */,
				18DF04A11BD7B6B700A902FB /* AFURLRequestSerialization.m in Sources */,
				18D220CD1BCBD051007EF9E6 /* AppDelegate.m in Sources */,
				18DF046B1BD7B6AC00A902FB /* UIViewController+MMDrawerController.m in Sources */,
				18DF04681BD7B6AC00A902FB /* MMDrawerBarButtonItem.m in Sources */,
				18DF049A1BD7B6B700A902FB /* UIWebView+AFNetworking.m in Sources */,
				18DF049F1BD7B6B700A902FB /* AFSecurityPolicy.m in Sources */,
				18D220CA1BCBD051007EF9E6 /* main.m in Sources */,
				18DF04931BD7B6B700A902FB /* AFNetworkActivityIndicatorManager.m in Sources */,
				18D220E51BCBD739007EF9E6 /* FaceExperienceViewController.m in Sources */,
				184CA0371BD91375004B8323 /* SecondSectionCell.m in Sources */,
			);
			runOnlyForDeploymentPostprocessing = 0;
		};
/* End PBXSourcesBuildPhase section */

/* Begin PBXVariantGroup section */
		18D220D61BCBD051007EF9E6 /* LaunchScreen.storyboard */ = {
			isa = PBXVariantGroup;
			children = (
				18D220D71BCBD051007EF9E6 /* Base */,
			);
			name = LaunchScreen.storyboard;
			sourceTree = "<group>";
		};
/* End PBXVariantGroup section */

/* Begin XCBuildConfiguration section */
		18D220DA1BCBD051007EF9E6 /* Debug */ = {
			isa = XCBuildConfiguration;
			buildSettings = {
				ALWAYS_SEARCH_USER_PATHS = NO;
				CLANG_CXX_LANGUAGE_STANDARD = "gnu++0x";
				CLANG_CXX_LIBRARY = "libc++";
				CLANG_ENABLE_MODULES = YES;
				CLANG_ENABLE_OBJC_ARC = YES;
				CLANG_WARN_BOOL_CONVERSION = YES;
				CLANG_WARN_CONSTANT_CONVERSION = YES;
				CLANG_WARN_DIRECT_OBJC_ISA_USAGE = YES_ERROR;
				CLANG_WARN_EMPTY_BODY = YES;
				CLANG_WARN_ENUM_CONVERSION = YES;
				CLANG_WARN_INT_CONVERSION = YES;
				CLANG_WARN_OBJC_ROOT_CLASS = YES_ERROR;
				CLANG_WARN_UNREACHABLE_CODE = YES;
				CLANG_WARN__DUPLICATE_METHOD_MATCH = YES;
				"CODE_SIGN_IDENTITY[sdk=iphoneos*]" = "iPhone Developer";
				COPY_PHASE_STRIP = NO;
				DEBUG_INFORMATION_FORMAT = dwarf;
				ENABLE_STRICT_OBJC_MSGSEND = YES;
				ENABLE_TESTABILITY = YES;
				GCC_C_LANGUAGE_STANDARD = gnu99;
				GCC_DYNAMIC_NO_PIC = NO;
				GCC_NO_COMMON_BLOCKS = YES;
				GCC_OPTIMIZATION_LEVEL = 0;
				GCC_PREPROCESSOR_DEFINITIONS = (
					"DEBUG=1",
					"$(inherited)",
				);
				GCC_WARN_64_TO_32_BIT_CONVERSION = YES;
				GCC_WARN_ABOUT_RETURN_TYPE = YES_ERROR;
				GCC_WARN_UNDECLARED_SELECTOR = YES;
				GCC_WARN_UNINITIALIZED_AUTOS = YES_AGGRESSIVE;
				GCC_WARN_UNUSED_FUNCTION = YES;
				GCC_WARN_UNUSED_VARIABLE = YES;
				IPHONEOS_DEPLOYMENT_TARGET = 9.1;
				MTL_ENABLE_DEBUG_INFO = YES;
				ONLY_ACTIVE_ARCH = YES;
				SDKROOT = iphoneos;
			};
			name = Debug;
		};
		18D220DB1BCBD051007EF9E6 /* Release */ = {
			isa = XCBuildConfiguration;
			buildSettings = {
				ALWAYS_SEARCH_USER_PATHS = NO;
				CLANG_CXX_LANGUAGE_STANDARD = "gnu++0x";
				CLANG_CXX_LIBRARY = "libc++";
				CLANG_ENABLE_MODULES = YES;
				CLANG_ENABLE_OBJC_ARC = YES;
				CLANG_WARN_BOOL_CONVERSION = YES;
				CLANG_WARN_CONSTANT_CONVERSION = YES;
				CLANG_WARN_DIRECT_OBJC_ISA_USAGE = YES_ERROR;
				CLANG_WARN_EMPTY_BODY = YES;
				CLANG_WARN_ENUM_CONVERSION = YES;
				CLANG_WARN_INT_CONVERSION = YES;
				CLANG_WARN_OBJC_ROOT_CLASS = YES_ERROR;
				CLANG_WARN_UNREACHABLE_CODE = YES;
				CLANG_WARN__DUPLICATE_METHOD_MATCH = YES;
				"CODE_SIGN_IDENTITY[sdk=iphoneos*]" = "iPhone Developer";
				COPY_PHASE_STRIP = NO;
				DEBUG_INFORMATION_FORMAT = "dwarf-with-dsym";
				ENABLE_NS_ASSERTIONS = NO;
				ENABLE_STRICT_OBJC_MSGSEND = YES;
				GCC_C_LANGUAGE_STANDARD = gnu99;
				GCC_NO_COMMON_BLOCKS = YES;
				GCC_WARN_64_TO_32_BIT_CONVERSION = YES;
				GCC_WARN_ABOUT_RETURN_TYPE = YES_ERROR;
				GCC_WARN_UNDECLARED_SELECTOR = YES;
				GCC_WARN_UNINITIALIZED_AUTOS = YES_AGGRESSIVE;
				GCC_WARN_UNUSED_FUNCTION = YES;
				GCC_WARN_UNUSED_VARIABLE = YES;
				IPHONEOS_DEPLOYMENT_TARGET = 9.1;
				MTL_ENABLE_DEBUG_INFO = NO;
				SDKROOT = iphoneos;
				VALIDATE_PRODUCT = YES;
			};
			name = Release;
		};
		18D220DD1BCBD051007EF9E6 /* Debug */ = {
			isa = XCBuildConfiguration;
			buildSettings = {
				ASSETCATALOG_COMPILER_APPICON_NAME = AppIcon;
				INFOPLIST_FILE = haitou/Info.plist;
				LD_RUNPATH_SEARCH_PATHS = "$(inherited) @executable_path/Frameworks";
				PRODUCT_BUNDLE_IDENTIFIER = com.divein.haitou;
				PRODUCT_NAME = "$(TARGET_NAME)";
			};
			name = Debug;
		};
		18D220DE1BCBD051007EF9E6 /* Release */ = {
			isa = XCBuildConfiguration;
			buildSettings = {
				ASSETCATALOG_COMPILER_APPICON_NAME = AppIcon;
				INFOPLIST_FILE = haitou/Info.plist;
				LD_RUNPATH_SEARCH_PATHS = "$(inherited) @executable_path/Frameworks";
				PRODUCT_BUNDLE_IDENTIFIER = com.divein.haitou;
				PRODUCT_NAME = "$(TARGET_NAME)";
			};
			name = Release;
		};
/* End XCBuildConfiguration section */

/* Begin XCConfigurationList section */
		18D220C01BCBD051007EF9E6 /* Build configuration list for PBXProject "haitou" */ = {
			isa = XCConfigurationList;
			buildConfigurations = (
				18D220DA1BCBD051007EF9E6 /* Debug */,
				18D220DB1BCBD051007EF9E6 /* Release */,
			);
			defaultConfigurationIsVisible = 0;
			defaultConfigurationName = Release;
		};
		18D220DC1BCBD051007EF9E6 /* Build configuration list for PBXNativeTarget "haitou" */ = {
			isa = XCConfigurationList;
			buildConfigurations = (
				18D220DD1BCBD051007EF9E6 /* Debug */,
				18D220DE1BCBD051007EF9E6 /* Release */,
			);
			defaultConfigurationIsVisible = 0;
			defaultConfigurationName = Release;
		};
/* End XCConfigurationList section */
	};
	rootObject = 18D220BD1BCBD051007EF9E6 /* Project object */;
}
